// !$*UTF8*$!
{
	archiveVersion = 1;
	classes = {
	};
	objectVersion = 50;
	objects = {

/* Begin PBXBuildFile section */
		FA1794C1265B99D300BDD4E6 /* ImageClassificationViewController.swift in Sources */ = {isa = PBXBuildFile; fileRef = FA1794C0265B99D300BDD4E6 /* ImageClassificationViewController.swift */; };
		FA34B1FC265A460A002D6568 /* DetailViewController.swift in Sources */ = {isa = PBXBuildFile; fileRef = FA34B1FB265A460A002D6568 /* DetailViewController.swift */; };
		FA3AC68D265CEDC400DA693E /* MobileNetV2.mlmodel in Sources */ = {isa = PBXBuildFile; fileRef = FA3AC68C265CEDC400DA693E /* MobileNetV2.mlmodel */; };
		FA4AB07F265950A9002A8B88 /* TableViewCell.swift in Sources */ = {isa = PBXBuildFile; fileRef = FA4AB07E265950A9002A8B88 /* TableViewCell.swift */; };
		FA4AB082265950DB002A8B88 /* ViewController.swift in Sources */ = {isa = PBXBuildFile; fileRef = FA4AB081265950DB002A8B88 /* ViewController.swift */; };
		FAED1F8A264D109A00127902 /* AppDelegate.swift in Sources */ = {isa = PBXBuildFile; fileRef = FAED1F89264D109A00127902 /* AppDelegate.swift */; };
		FAED1F8C264D109A00127902 /* SceneDelegate.swift in Sources */ = {isa = PBXBuildFile; fileRef = FAED1F8B264D109A00127902 /* SceneDelegate.swift */; };
		FAED1F8E264D109A00127902 /* AddViewController.swift in Sources */ = {isa = PBXBuildFile; fileRef = FAED1F8D264D109A00127902 /* AddViewController.swift */; };
		FAED1F91264D109A00127902 /* Main.storyboard in Resources */ = {isa = PBXBuildFile; fileRef = FAED1F8F264D109A00127902 /* Main.storyboard */; };
		FAED1F93264D109B00127902 /* Assets.xcassets in Resources */ = {isa = PBXBuildFile; fileRef = FAED1F92264D109B00127902 /* Assets.xcassets */; };
		FAED1F96264D109B00127902 /* LaunchScreen.storyboard in Resources */ = {isa = PBXBuildFile; fileRef = FAED1F94264D109B00127902 /* LaunchScreen.storyboard */; };
/* End PBXBuildFile section */

/* Begin PBXFileReference section */
		FA1794C0265B99D300BDD4E6 /* ImageClassificationViewController.swift */ = {isa = PBXFileReference; lastKnownFileType = sourcecode.swift; path = ImageClassificationViewController.swift; sourceTree = "<group>"; };
		FA34B1FB265A460A002D6568 /* DetailViewController.swift */ = {isa = PBXFileReference; lastKnownFileType = sourcecode.swift; path = DetailViewController.swift; sourceTree = "<group>"; };
		FA3AC68C265CEDC400DA693E /* MobileNetV2.mlmodel */ = {isa = PBXFileReference; lastKnownFileType = file.mlmodel; name = MobileNetV2.mlmodel; path = ../../../../Downloads/MobileNetV2.mlmodel; sourceTree = "<group>"; };
		FA4AB07E265950A9002A8B88 /* TableViewCell.swift */ = {isa = PBXFileReference; lastKnownFileType = sourcecode.swift; path = TableViewCell.swift; sourceTree = "<group>"; };
		FA4AB081265950DB002A8B88 /* ViewController.swift */ = {isa = PBXFileReference; lastKnownFileType = sourcecode.swift; path = ViewController.swift; sourceTree = "<group>"; };
		FAED1F86264D109A00127902 /* Medicine Care.app */ = {isa = PBXFileReference; explicitFileType = wrapper.application; includeInIndex = 0; path = "Medicine Care.app"; sourceTree = BUILT_PRODUCTS_DIR; };
		FAED1F89264D109A00127902 /* AppDelegate.swift */ = {isa = PBXFileReference; lastKnownFileType = sourcecode.swift; path = AppDelegate.swift; sourceTree = "<group>"; };
		FAED1F8B264D109A00127902 /* SceneDelegate.swift */ = {isa = PBXFileReference; lastKnownFileType = sourcecode.swift; path = SceneDelegate.swift; sourceTree = "<group>"; };
		FAED1F8D264D109A00127902 /* AddViewController.swift */ = {isa = PBXFileReference; lastKnownFileType = sourcecode.swift; path = AddViewController.swift; sourceTree = "<group>"; };
		FAED1F90264D109A00127902 /* Base */ = {isa = PBXFileReference; lastKnownFileType = file.storyboard; name = Base; path = Base.lproj/Main.storyboard; sourceTree = "<group>"; };
		FAED1F92264D109B00127902 /* Assets.xcassets */ = {isa = PBXFileReference; lastKnownFileType = folder.assetcatalog; path = Assets.xcassets; sourceTree = "<group>"; };
		FAED1F95264D109B00127902 /* Base */ = {isa = PBXFileReference; lastKnownFileType = file.storyboard; name = Base; path = Base.lproj/LaunchScreen.storyboard; sourceTree = "<group>"; };
		FAED1F97264D109B00127902 /* Info.plist */ = {isa = PBXFileReference; lastKnownFileType = text.plist.xml; path = Info.plist; sourceTree = "<group>"; };
/* End PBXFileReference section */

/* Begin PBXFrameworksBuildPhase section */
		FAED1F83264D109900127902 /* Frameworks */ = {
			isa = PBXFrameworksBuildPhase;
			buildActionMask = 2147483647;
			files = (
			);
			runOnlyForDeploymentPostprocessing = 0;
		};
/* End PBXFrameworksBuildPhase section */

/* Begin PBXGroup section */
		FAED1F7D264D109900127902 = {
			isa = PBXGroup;
			children = (
				FAED1F88264D109A00127902 /* TakingMedicineApp */,
				FAED1F87264D109A00127902 /* Products */,
			);
			sourceTree = "<group>";
		};
		FAED1F87264D109A00127902 /* Products */ = {
			isa = PBXGroup;
			children = (
				FAED1F86264D109A00127902 /* Medicine Care.app */,
			);
			name = Products;
			sourceTree = "<group>";
		};
		FAED1F88264D109A00127902 /* TakingMedicineApp */ = {
			isa = PBXGroup;
			children = (
				FA3AC68C265CEDC400DA693E /* MobileNetV2.mlmodel */,
				FAED1F89264D109A00127902 /* AppDelegate.swift */,
				FAED1F8B264D109A00127902 /* SceneDelegate.swift */,
				FAED1F8D264D109A00127902 /* AddViewController.swift */,
				FAED1F8F264D109A00127902 /* Main.storyboard */,
				FAED1F92264D109B00127902 /* Assets.xcassets */,
				FAED1F94264D109B00127902 /* LaunchScreen.storyboard */,
				FAED1F97264D109B00127902 /* Info.plist */,
				FA4AB07E265950A9002A8B88 /* TableViewCell.swift */,
				FA4AB081265950DB002A8B88 /* ViewController.swift */,
				FA34B1FB265A460A002D6568 /* DetailViewController.swift */,
				FA1794C0265B99D300BDD4E6 /* ImageClassificationViewController.swift */,
			);
			path = TakingMedicineApp;
			sourceTree = "<group>";
		};
/* End PBXGroup section */

/* Begin PBXNativeTarget section */
		FAED1F85264D109900127902 /* TakingMedicineApp */ = {
			isa = PBXNativeTarget;
			buildConfigurationList = FAED1F9A264D109B00127902 /* Build configuration list for PBXNativeTarget "TakingMedicineApp" */;
			buildPhases = (
				FAED1F82264D109900127902 /* Sources */,
				FAED1F83264D109900127902 /* Frameworks */,
				FAED1F84264D109900127902 /* Resources */,
			);
			buildRules = (
			);
			dependencies = (
			);
			name = TakingMedicineApp;
			productName = TakingMedicineApp;
			productReference = FAED1F86264D109A00127902 /* Medicine Care.app */;
			productType = "com.apple.product-type.application";
		};
/* End PBXNativeTarget section */

/* Begin PBXProject section */
		FAED1F7E264D109900127902 /* Project object */ = {
			isa = PBXProject;
			attributes = {
				LastSwiftUpdateCheck = 1240;
				LastUpgradeCheck = 1240;
				TargetAttributes = {
					FAED1F85264D109900127902 = {
						CreatedOnToolsVersion = 12.4;
					};
				};
			};
			buildConfigurationList = FAED1F81264D109900127902 /* Build configuration list for PBXProject "TakingMedicineApp" */;
			compatibilityVersion = "Xcode 9.3";
			developmentRegion = en;
			hasScannedForEncodings = 0;
			knownRegions = (
				en,
				Base,
			);
			mainGroup = FAED1F7D264D109900127902;
			productRefGroup = FAED1F87264D109A00127902 /* Products */;
			projectDirPath = "";
			projectRoot = "";
			targets = (
				FAED1F85264D109900127902 /* TakingMedicineApp */,
			);
		};
/* End PBXProject section */

/* Begin PBXResourcesBuildPhase section */
		FAED1F84264D109900127902 /* Resources */ = {
			isa = PBXResourcesBuildPhase;
			buildActionMask = 2147483647;
			files = (
				FAED1F96264D109B00127902 /* LaunchScreen.storyboard in Resources */,
				FAED1F93264D109B00127902 /* Assets.xcassets in Resources */,
				FAED1F91264D109A00127902 /* Main.storyboard in Resources */,
			);
			runOnlyForDeploymentPostprocessing = 0;
		};
/* End PBXResourcesBuildPhase section */

/* Begin PBXSourcesBuildPhase section */
		FAED1F82264D109900127902 /* Sources */ = {
			isa = PBXSourcesBuildPhase;
			buildActionMask = 2147483647;
			files = (
				FAED1F8E264D109A00127902 /* AddViewController.swift in Sources */,
				FAED1F8A264D109A00127902 /* AppDelegate.swift in Sources */,
				FA3AC68D265CEDC400DA693E /* MobileNetV2.mlmodel in Sources */,
				FA4AB07F265950A9002A8B88 /* TableViewCell.swift in Sources */,
				FA34B1FC265A460A002D6568 /* DetailViewController.swift in Sources */,
				FA4AB082265950DB002A8B88 /* ViewController.swift in Sources */,
				FAED1F8C264D109A00127902 /* SceneDelegate.swift in Sources */,
				FA1794C1265B99D300BDD4E6 /* ImageClassificationViewController.swift in Sources */,
			);
			runOnlyForDeploymentPostprocessing = 0;
		};
/* End PBXSourcesBuildPhase section */

/* Begin PBXVariantGroup section */
		FAED1F8F264D109A00127902 /* Main.storyboard */ = {
			isa = PBXVariantGroup;
			children = (
				FAED1F90264D109A00127902 /* Base */,
			);
			name = Main.storyboard;
			sourceTree = "<group>";
		};
		FAED1F94264D109B00127902 /* LaunchScreen.storyboard */ = {
			isa = PBXVariantGroup;
			children = (
				FAED1F95264D109B00127902 /* Base */,
			);
			name = LaunchScreen.storyboard;
			sourceTree = "<group>";
		};
/* End PBXVariantGroup section */

/* Begin XCBuildConfiguration section */
		FAED1F98264D109B00127902 /* Debug */ = {
			isa = XCBuildConfiguration;
			buildSettings = {
				ALWAYS_SEARCH_USER_PATHS = NO;
				CLANG_ANALYZER_NONNULL = YES;
				CLANG_ANALYZER_NUMBER_OBJECT_CONVERSION = YES_AGGRESSIVE;
				CLANG_CXX_LANGUAGE_STANDARD = "gnu++14";
				CLANG_CXX_LIBRARY = "libc++";
				CLANG_ENABLE_MODULES = YES;
				CLANG_ENABLE_OBJC_ARC = YES;
				CLANG_ENABLE_OBJC_WEAK = YES;
				CLANG_WARN_BLOCK_CAPTURE_AUTORELEASING = YES;
				CLANG_WARN_BOOL_CONVERSION = YES;
				CLANG_WARN_COMMA = YES;
				CLANG_WARN_CONSTANT_CONVERSION = YES;
				CLANG_WARN_DEPRECATED_OBJC_IMPLEMENTATIONS = YES;
				CLANG_WARN_DIRECT_OBJC_ISA_USAGE = YES_ERROR;
				CLANG_WARN_DOCUMENTATION_COMMENTS = YES;
				CLANG_WARN_EMPTY_BODY = YES;
				CLANG_WARN_ENUM_CONVERSION = YES;
				CLANG_WARN_INFINITE_RECURSION = YES;
				CLANG_WARN_INT_CONVERSION = YES;
				CLANG_WARN_NON_LITERAL_NULL_CONVERSION = YES;
				CLANG_WARN_OBJC_IMPLICIT_RETAIN_SELF = YES;
				CLANG_WARN_OBJC_LITERAL_CONVERSION = YES;
				CLANG_WARN_OBJC_ROOT_CLASS = YES_ERROR;
				CLANG_WARN_QUOTED_INCLUDE_IN_FRAMEWORK_HEADER = YES;
				CLANG_WARN_RANGE_LOOP_ANALYSIS = YES;
				CLANG_WARN_STRICT_PROTOTYPES = YES;
				CLANG_WARN_SUSPICIOUS_MOVE = YES;
				CLANG_WARN_UNGUARDED_AVAILABILITY = YES_AGGRESSIVE;
				CLANG_WARN_UNREACHABLE_CODE = YES;
				CLANG_WARN__DUPLICATE_METHOD_MATCH = YES;
				COPY_PHASE_STRIP = NO;
				DEBUG_INFORMATION_FORMAT = dwarf;
				ENABLE_STRICT_OBJC_MSGSEND = YES;
				ENABLE_TESTABILITY = YES;
				GCC_C_LANGUAGE_STANDARD = gnu11;
				GCC_DYNAMIC_NO_PIC = NO;
				GCC_NO_COMMON_BLOCKS = YES;
				GCC_OPTIMIZATION_LEVEL = 0;
				GCC_PREPROCESSOR_DEFINITIONS = (
					"DEBUG=1",
					"$(inherited)",
				);
				GCC_WARN_64_TO_32_BIT_CONVERSION = YES;
				GCC_WARN_ABOUT_RETURN_TYPE = YES_ERROR;
				GCC_WARN_UNDECLARED_SELECTOR = YES;
				GCC_WARN_UNINITIALIZED_AUTOS = YES_AGGRESSIVE;
				GCC_WARN_UNUSED_FUNCTION = YES;
				GCC_WARN_UNUSED_VARIABLE = YES;
				IPHONEOS_DEPLOYMENT_TARGET = 14.4;
				MTL_ENABLE_DEBUG_INFO = INCLUDE_SOURCE;
				MTL_FAST_MATH = YES;
				ONLY_ACTIVE_ARCH = YES;
				SDKROOT = iphoneos;
				SWIFT_ACTIVE_COMPILATION_CONDITIONS = DEBUG;
				SWIFT_OPTIMIZATION_LEVEL = "-Onone";
			};
			name = Debug;
		};
		FAED1F99264D109B00127902 /* Release */ = {
			isa = XCBuildConfiguration;
			buildSettings = {
				ALWAYS_SEARCH_USER_PATHS = NO;
				CLANG_ANALYZER_NONNULL = YES;
				CLANG_ANALYZER_NUMBER_OBJECT_CONVERSION = YES_AGGRESSIVE;
				CLANG_CXX_LANGUAGE_STANDARD = "gnu++14";
				CLANG_CXX_LIBRARY = "libc++";
				CLANG_ENABLE_MODULES = YES;
				CLANG_ENABLE_OBJC_ARC = YES;
				CLANG_ENABLE_OBJC_WEAK = YES;
				CLANG_WARN_BLOCK_CAPTURE_AUTORELEASING = YES;
				CLANG_WARN_BOOL_CONVERSION = YES;
				CLANG_WARN_COMMA = YES;
				CLANG_WARN_CONSTANT_CONVERSION = YES;
				CLANG_WARN_DEPRECATED_OBJC_IMPLEMENTATIONS = YES;
				CLANG_WARN_DIRECT_OBJC_ISA_USAGE = YES_ERROR;
				CLANG_WARN_DOCUMENTATION_COMMENTS = YES;
				CLANG_WARN_EMPTY_BODY = YES;
				CLANG_WARN_ENUM_CONVERSION = YES;
				CLANG_WARN_INFINITE_RECURSION = YES;
				CLANG_WARN_INT_CONVERSION = YES;
				CLANG_WARN_NON_LITERAL_NULL_CONVERSION = YES;
				CLANG_WARN_OBJC_IMPLICIT_RETAIN_SELF = YES;
				CLANG_WARN_OBJC_LITERAL_CONVERSION = YES;
				CLANG_WARN_OBJC_ROOT_CLASS = YES_ERROR;
				CLANG_WARN_QUOTED_INCLUDE_IN_FRAMEWORK_HEADER = YES;
				CLANG_WARN_RANGE_LOOP_ANALYSIS = YES;
				CLANG_WARN_STRICT_PROTOTYPES = YES;
				CLANG_WARN_SUSPICIOUS_MOVE = YES;
				CLANG_WARN_UNGUARDED_AVAILABILITY = YES_AGGRESSIVE;
				CLANG_WARN_UNREACHABLE_CODE = YES;
				CLANG_WARN__DUPLICATE_METHOD_MATCH = YES;
				COPY_PHASE_STRIP = NO;
				DEBUG_INFORMATION_FORMAT = "dwarf-with-dsym";
				ENABLE_NS_ASSERTIONS = NO;
				ENABLE_STRICT_OBJC_MSGSEND = YES;
				GCC_C_LANGUAGE_STANDARD = gnu11;
				GCC_NO_COMMON_BLOCKS = YES;
				GCC_WARN_64_TO_32_BIT_CONVERSION = YES;
				GCC_WARN_ABOUT_RETURN_TYPE = YES_ERROR;
				GCC_WARN_UNDECLARED_SELECTOR = YES;
				GCC_WARN_UNINITIALIZED_AUTOS = YES_AGGRESSIVE;
				GCC_WARN_UNUSED_FUNCTION = YES;
				GCC_WARN_UNUSED_VARIABLE = YES;
				IPHONEOS_DEPLOYMENT_TARGET = 14.4;
				MTL_ENABLE_DEBUG_INFO = NO;
				MTL_FAST_MATH = YES;
				SDKROOT = iphoneos;
				SWIFT_COMPILATION_MODE = wholemodule;
				SWIFT_OPTIMIZATION_LEVEL = "-O";
				VALIDATE_PRODUCT = YES;
			};
			name = Release;
		};
		FAED1F9B264D109B00127902 /* Debug */ = {
			isa = XCBuildConfiguration;
			buildSettings = {
				ASSETCATALOG_COMPILER_APPICON_NAME = AppIcon;
				ASSETCATALOG_COMPILER_GLOBAL_ACCENT_COLOR_NAME = AccentColor;
				CODE_SIGN_STYLE = Automatic;
				DEVELOPMENT_TEAM = 9738W25PF4;
				INFOPLIST_FILE = TakingMedicineApp/Info.plist;
				LD_RUNPATH_SEARCH_PATHS = (
					"$(inherited)",
					"@executable_path/Frameworks",
				);
				PRODUCT_BUNDLE_IDENTIFIER = LimYoungSun.TakingMedicineApp;
				PRODUCT_NAME = "Medicine Care";
				SWIFT_VERSION = 5.0;
				TARGETED_DEVICE_FAMILY = "1,2";
			};
			name = Debug;
		};
		FAED1F9C264D109B00127902 /* Release */ = {
			isa = XCBuildConfiguration;
			buildSettings = {
				ASSETCATALOG_COMPILER_APPICON_NAME = AppIcon;
				ASSETCATALOG_COMPILER_GLOBAL_ACCENT_COLOR_NAME = AccentColor;
				CODE_SIGN_STYLE = Automatic;
				DEVELOPMENT_TEAM = 9738W25PF4;
				INFOPLIST_FILE = TakingMedicineApp/Info.plist;
				LD_RUNPATH_SEARCH_PATHS = (
					"$(inherited)",
					"@executable_path/Frameworks",
				);
				PRODUCT_BUNDLE_IDENTIFIER = LimYoungSun.TakingMedicineApp;
				PRODUCT_NAME = "Medicine Care";
				SWIFT_VERSION = 5.0;
				TARGETED_DEVICE_FAMILY = "1,2";
			};
			name = Release;
		};
/* End XCBuildConfiguration section */

/* Begin XCConfigurationList section */
		FAED1F81264D109900127902 /* Build configuration list for PBXProject "TakingMedicineApp" */ = {
			isa = XCConfigurationList;
			buildConfigurations = (
				FAED1F98264D109B00127902 /* Debug */,
				FAED1F99264D109B00127902 /* Release */,
			);
			defaultConfigurationIsVisible = 0;
			defaultConfigurationName = Release;
		};
		FAED1F9A264D109B00127902 /* Build configuration list for PBXNativeTarget "TakingMedicineApp" */ = {
			isa = XCConfigurationList;
			buildConfigurations = (
				FAED1F9B264D109B00127902 /* Debug */,
				FAED1F9C264D109B00127902 /* Release */,
			);
			defaultConfigurationIsVisible = 0;
			defaultConfigurationName = Release;
		};
/* End XCConfigurationList section */
	};
	rootObject = FAED1F7E264D109900127902 /* Project object */;
}
